
Microsoft Visual Studio Solution File, Format Version 11.00
# Visual Studio 2010
# SharpDevelop 4.4
Project("{FAE04EC0-301F-11D3-BF4B-00C04F79EFBC}") = "Namespace_32_Converter", "Namespace_32_Converter\Namespace_32_Converter.csproj", "{CC7D709E-E3FF-46B7-A527-2EFEACC8198F}"
EndProject
Global
	GlobalSection(SolutionConfigurationPlatforms) = preSolution
		Debug|Any CPU = Debug|Any CPU
		Release|Any CPU = Release|Any CPU
	EndGlobalSection
	GlobalSection(ProjectConfigurationPlatforms) = postSolution
		{CC7D709E-E3FF-46B7-A527-2EFEACC8198F}.Debug|Any CPU.Build.0 = Debug|Any CPU
		{CC7D709E-E3FF-46B7-A527-2EFEACC8198F}.Debug|Any CPU.ActiveCfg = Debug|Any CPU
		{CC7D709E-E3FF-46B7-A527-2EFEACC8198F}.Release|Any CPU.Build.0 = Release|Any CPU
		{CC7D709E-E3FF-46B7-A527-2EFEACC8198F}.Release|Any CPU.ActiveCfg = Release|Any CPU
	EndGlobalSection
EndGlobal
